
Microsoft Visual Studio Solution File, Format Version 12.00
# Visual Studio 15
VisualStudioVersion = 15.0.28307.271
MinimumVisualStudioVersion = 10.0.40219.1
Project("{9A19103F-16F7-4668-BE54-9A1E7A4F7556}") = "Log4Mongo", "Log4Mongo\Log4Mongo.csproj", "{96F89BA0-D08B-45D3-90A2-453798F1DB39}"
EndProject
Project("{9A19103F-16F7-4668-BE54-9A1E7A4F7556}") = "Log4Mongo.LoggingConsole", "Log4Mongo.LoggingConsole\Log4Mongo.LoggingConsole.csproj", "{CFF3CB1D-3D2E-4EBC-BC76-2CE4BB2894FF}"
EndProject
Project("{9A19103F-16F7-4668-BE54-9A1E7A4F7556}") = "Log4Mongo.Tests", "Log4Mongo.Tests\Log4Mongo.Tests.csproj", "{B0DB8ADB-1ADB-4843-A1C1-77EEB6077CB0}"
EndProject
Global
	GlobalSection(SolutionConfigurationPlatforms) = preSolution
		Debug|Any CPU = Debug|Any CPU
		Release|Any CPU = Release|Any CPU
	EndGlobalSection
	GlobalSection(ProjectConfigurationPlatforms) = postSolution
		{96F89BA0-D08B-45D3-90A2-453798F1DB39}.Debug|Any CPU.ActiveCfg = Debug|Any CPU
		{96F89BA0-D08B-45D3-90A2-453798F1DB39}.Debug|Any CPU.Build.0 = Debug|Any CPU
		{96F89BA0-D08B-45D3-90A2-453798F1DB39}.Release|Any CPU.ActiveCfg = Release|Any CPU
		{96F89BA0-D08B-45D3-90A2-453798F1DB39}.Release|Any CPU.Build.0 = Release|Any CPU
		{CFF3CB1D-3D2E-4EBC-BC76-2CE4BB2894FF}.Debug|Any CPU.ActiveCfg = Debug|Any CPU
		{CFF3CB1D-3D2E-4EBC-BC76-2CE4BB2894FF}.Debug|Any CPU.Build.0 = Debug|Any CPU
		{CFF3CB1D-3D2E-4EBC-BC76-2CE4BB2894FF}.Release|Any CPU.ActiveCfg = Release|Any CPU
		{CFF3CB1D-3D2E-4EBC-BC76-2CE4BB2894FF}.Release|Any CPU.Build.0 = Release|Any CPU
		{B0DB8ADB-1ADB-4843-A1C1-77EEB6077CB0}.Debug|Any CPU.ActiveCfg = Debug|Any CPU
		{B0DB8ADB-1ADB-4843-A1C1-77EEB6077CB0}.Debug|Any CPU.Build.0 = Debug|Any CPU
		{B0DB8ADB-1ADB-4843-A1C1-77EEB6077CB0}.Release|Any CPU.ActiveCfg = Release|Any CPU
		{B0DB8ADB-1ADB-4843-A1C1-77EEB6077CB0}.Release|Any CPU.Build.0 = Release|Any CPU
	EndGlobalSection
	GlobalSection(SolutionProperties) = preSolution
		HideSolutionNode = FALSE
	EndGlobalSection
	GlobalSection(ExtensibilityGlobals) = postSolution
		SolutionGuid = {8B09874C-8D9B-4A01-9070-496B69EF0D55}
	EndGlobalSection
EndGlobal
